
Microsoft Visual Studio Solution File, Format Version 12.00
# Visual Studio Version 16
VisualStudioVersion = 16.0.31424.327
MinimumVisualStudioVersion = 10.0.40219.1
Project("{FAE04EC0-301F-11D3-BF4B-00C04F79EFBC}") = "WebApi_Aug_2021", "WebApi_Aug_2021\WebApi_Aug_2021.csproj", "{9858D2C5-2683-4B4E-8613-CFCEBB28B931}"
EndProject
Global
	GlobalSection(SolutionConfigurationPlatforms) = preSolution
		Debug|Any CPU = Debug|Any CPU
		Release|Any CPU = Release|Any CPU
	EndGlobalSection
	GlobalSection(ProjectConfigurationPlatforms) = postSolution
		{9858D2C5-2683-4B4E-8613-CFCEBB28B931}.Debug|Any CPU.ActiveCfg = Debug|Any CPU
		{9858D2C5-2683-4B4E-8613-CFCEBB28B931}.Debug|Any CPU.Build.0 = Debug|Any CPU
		{9858D2C5-2683-4B4E-8613-CFCEBB28B931}.Release|Any CPU.ActiveCfg = Release|Any CPU
		{9858D2C5-2683-4B4E-8613-CFCEBB28B931}.Release|Any CPU.Build.0 = Release|Any CPU
	EndGlobalSection
	GlobalSection(SolutionProperties) = preSolution
		HideSolutionNode = FALSE
	EndGlobalSection
	GlobalSection(ExtensibilityGlobals) = postSolution
		SolutionGuid = {1BD063FA-8E47-4537-9002-60474BFBA5C7}
	EndGlobalSection
EndGlobal
